
Microsoft Visual Studio Solution File, Format Version 12.00
# Visual Studio Version 17
VisualStudioVersion = 17.14.35821.62 d17.14
MinimumVisualStudioVersion = 10.0.40219.1
Project("{FAE04EC0-301F-11D3-BF4B-00C04F79EFBC}") = "DotNet10PreviewLab", "DotNet10PreviewLab\DotNet10PreviewLab.csproj", "{B4C87396-AA9A-49B7-9AC4-1145EF50DD7F}"
EndProject
Global
	GlobalSection(SolutionConfigurationPlatforms) = preSolution
		Debug|Any CPU = Debug|Any CPU
		Release|Any CPU = Release|Any CPU
	EndGlobalSection
	GlobalSection(ProjectConfigurationPlatforms) = postSolution
		{B4C87396-AA9A-49B7-9AC4-1145EF50DD7F}.Debug|Any CPU.ActiveCfg = Debug|Any CPU
		{B4C87396-AA9A-49B7-9AC4-1145EF50DD7F}.Debug|Any CPU.Build.0 = Debug|Any CPU
		{B4C87396-AA9A-49B7-9AC4-1145EF50DD7F}.Release|Any CPU.ActiveCfg = Release|Any CPU
		{B4C87396-AA9A-49B7-9AC4-1145EF50DD7F}.Release|Any CPU.Build.0 = Release|Any CPU
	EndGlobalSection
	GlobalSection(SolutionProperties) = preSolution
		HideSolutionNode = FALSE
	EndGlobalSection
	GlobalSection(ExtensibilityGlobals) = postSolution
		SolutionGuid = {F982D000-7817-4B91-BB32-544911725C56}
	EndGlobalSection
EndGlobal
